{
  "name": "Donger",
  "lockfileVersion": 2,
  "requires": true,
  "packages": {
    "": {
      "dependencies": {
        "@randlabs/myalgo-connect": "^1.1.1"
      }
    },
    "node_modules/@randlabs/communication-bridge": {
      "version": "1.0.0",
      "resolved": "https://registry.npmjs.org/@randlabs/communication-bridge/-/communication-bridge-1.0.0.tgz",
      "integrity": "sha512-CuJNwtMTG1LHR1LQNWUPv+8xPUdkRY9p61wGJEp8J/N3q8djmnMySvSQlyVqLBvXsTPKmYc0ZmfXEXCpb5P5Cw=="
    },
    "node_modules/@randlabs/myalgo-connect": {
      "version": "1.1.1",
      "resolved": "https://registry.npmjs.org/@randlabs/myalgo-connect/-/myalgo-connect-1.1.1.tgz",
      "integrity": "sha512-knW4eGfu/N5tlgRo+LP7ehNQ3zg6eL2fLJocRnAs0s2pWLmPXOAeXYhYgW0eV2VvxgLF/0nzIunY/dwei7k7JQ==",
      "dependencies": {
        "@randlabs/communication-bridge": "^1.0.0",
        "belter": "^1.0.170"
      }
    },
    "node_modules/belter": {
      "version": "1.0.177",
      "resolved": "https://registry.npmjs.org/belter/-/belter-1.0.177.tgz",
      "integrity": "sha512-oJCyvKkO6Cz+ocjEVdyYe6itIgcgS+AgONrEVexErIfFx6y4Q8Uv5699mvMkTWLY5wR72BXoCYZFkb17xJ/7dA==",
      "dependencies": {
        "cross-domain-safe-weakmap": "^1",
        "cross-domain-utils": "^2",
        "zalgo-promise": "^1"
      }
    },
    "node_modules/cross-domain-safe-weakmap": {
      "version": "1.0.29",
      "resolved": "https://registry.npmjs.org/cross-domain-safe-weakmap/-/cross-domain-safe-weakmap-1.0.29.tgz",
      "integrity": "sha512-VLoUgf2SXnf3+na8NfeUFV59TRZkIJqCIATaMdbhccgtnTlSnHXkyTRwokngEGYdQXx8JbHT9GDYitgR2sdjuA==",
      "dependencies": {
        "cross-domain-utils": "^2.0.0"
      }
    },
    "node_modules/cross-domain-utils": {
      "version": "2.0.38",
      "resolved": "https://registry.npmjs.org/cross-domain-utils/-/cross-domain-utils-2.0.38.tgz",
      "integrity": "sha512-zZfi3+2EIR9l4chrEiXI2xFleyacsJf8YMLR1eJ0Veb5FTMXeJ3DpxDjZkto2FhL/g717WSELqbptNSo85UJDw==",
      "dependencies": {
        "zalgo-promise": "^1.0.11"
      }
    },
    "node_modules/zalgo-promise": {
      "version": "1.0.48",
      "resolved": "https://registry.npmjs.org/zalgo-promise/-/zalgo-promise-1.0.48.tgz",
      "integrity": "sha512-LLHANmdm53+MucY9aOFIggzYtUdkSBFxUsy4glTTQYNyK6B3uCPWTbfiGvSrEvLojw0mSzyFJ1/RRLv+QMNdzQ=="
    }
  },
  "dependencies": {
    "@randlabs/communication-bridge": {
      "version": "1.0.0",
      "resolved": "https://registry.npmjs.org/@randlabs/communication-bridge/-/communication-bridge-1.0.0.tgz",
      "integrity": "sha512-CuJNwtMTG1LHR1LQNWUPv+8xPUdkRY9p61wGJEp8J/N3q8djmnMySvSQlyVqLBvXsTPKmYc0ZmfXEXCpb5P5Cw=="
    },
    "@randlabs/myalgo-connect": {
      "version": "1.1.1",
      "resolved": "https://registry.npmjs.org/@randlabs/myalgo-connect/-/myalgo-connect-1.1.1.tgz",
      "integrity": "sha512-knW4eGfu/N5tlgRo+LP7ehNQ3zg6eL2fLJocRnAs0s2pWLmPXOAeXYhYgW0eV2VvxgLF/0nzIunY/dwei7k7JQ==",
      "requires": {
        "@randlabs/communication-bridge": "^1.0.0",
        "belter": "^1.0.170"
      }
    },
    "belter": {
      "version": "1.0.177",
      "resolved": "https://registry.npmjs.org/belter/-/belter-1.0.177.tgz",
      "integrity": "sha512-oJCyvKkO6Cz+ocjEVdyYe6itIgcgS+AgONrEVexErIfFx6y4Q8Uv5699mvMkTWLY5wR72BXoCYZFkb17xJ/7dA==",
      "requires": {
        "cross-domain-safe-weakmap": "^1",
        "cross-domain-utils": "^2",
        "zalgo-promise": "^1"
      }
    },
    "cross-domain-safe-weakmap": {
      "version": "1.0.29",
      "resolved": "https://registry.npmjs.org/cross-domain-safe-weakmap/-/cross-domain-safe-weakmap-1.0.29.tgz",
      "integrity": "sha512-VLoUgf2SXnf3+na8NfeUFV59TRZkIJqCIATaMdbhccgtnTlSnHXkyTRwokngEGYdQXx8JbHT9GDYitgR2sdjuA==",
      "requires": {
        "cross-domain-utils": "^2.0.0"
      }
    },
    "cross-domain-utils": {
      "version": "2.0.38",
      "resolved": "https://registry.npmjs.org/cross-domain-utils/-/cross-domain-utils-2.0.38.tgz",
      "integrity": "sha512-zZfi3+2EIR9l4chrEiXI2xFleyacsJf8YMLR1eJ0Veb5FTMXeJ3DpxDjZkto2FhL/g717WSELqbptNSo85UJDw==",
      "requires": {
        "zalgo-promise": "^1.0.11"
      }
    },
    "zalgo-promise": {
      "version": "1.0.48",
      "resolved": "https://registry.npmjs.org/zalgo-promise/-/zalgo-promise-1.0.48.tgz",
      "integrity": "sha512-LLHANmdm53+MucY9aOFIggzYtUdkSBFxUsy4glTTQYNyK6B3uCPWTbfiGvSrEvLojw0mSzyFJ1/RRLv+QMNdzQ=="
    }
  }
}
